
Microsoft Visual Studio Solution File, Format Version 12.00
# Visual Studio Version 16
VisualStudioVersion = 16.0.30611.23
MinimumVisualStudioVersion = 10.0.40219.1
Project("{FAE04EC0-301F-11D3-BF4B-00C04F79EFBC}") = "MVC", "MVC\MVC.csproj", "{5391FF3B-5ED7-4873-88A5-41DB10D2F82E}"
EndProject
Project("{FAE04EC0-301F-11D3-BF4B-00C04F79EFBC}") = "API", "API\API.csproj", "{25654D4B-DA0C-475B-A93C-910BF998D024}"
EndProject
Global
	GlobalSection(SolutionConfigurationPlatforms) = preSolution
		Debug|Any CPU = Debug|Any CPU
		Release|Any CPU = Release|Any CPU
	EndGlobalSection
	GlobalSection(ProjectConfigurationPlatforms) = postSolution
		{5391FF3B-5ED7-4873-88A5-41DB10D2F82E}.Debug|Any CPU.ActiveCfg = Debug|Any CPU
		{5391FF3B-5ED7-4873-88A5-41DB10D2F82E}.Debug|Any CPU.Build.0 = Debug|Any CPU
		{5391FF3B-5ED7-4873-88A5-41DB10D2F82E}.Release|Any CPU.ActiveCfg = Release|Any CPU
		{5391FF3B-5ED7-4873-88A5-41DB10D2F82E}.Release|Any CPU.Build.0 = Release|Any CPU
		{25654D4B-DA0C-475B-A93C-910BF998D024}.Debug|Any CPU.ActiveCfg = Debug|Any CPU
		{25654D4B-DA0C-475B-A93C-910BF998D024}.Debug|Any CPU.Build.0 = Debug|Any CPU
		{25654D4B-DA0C-475B-A93C-910BF998D024}.Release|Any CPU.ActiveCfg = Release|Any CPU
		{25654D4B-DA0C-475B-A93C-910BF998D024}.Release|Any CPU.Build.0 = Release|Any CPU
	EndGlobalSection
	GlobalSection(SolutionProperties) = preSolution
		HideSolutionNode = FALSE
	EndGlobalSection
	GlobalSection(ExtensibilityGlobals) = postSolution
		SolutionGuid = {35058AB5-834D-4347-BC4B-ECB7C1E049CC}
	EndGlobalSection
EndGlobal
